
Microsoft Visual Studio Solution File, Format Version 12.00
# Visual Studio Version 17
VisualStudioVersion = 17.2.32630.192
MinimumVisualStudioVersion = 10.0.40219.1
Project("{9A19103F-16F7-4668-BE54-9A1E7A4F7556}") = "Teste.UI", "Teste.UI\Teste.UI.csproj", "{283964DB-5CB0-4C74-AE9A-ECBD4605D360}"
EndProject
Project("{9A19103F-16F7-4668-BE54-9A1E7A4F7556}") = "Teste.IoC", "Teste.IoC\Teste.IoC.csproj", "{8613DABB-57F0-451C-A987-26276DE0EC5C}"
EndProject
Project("{9A19103F-16F7-4668-BE54-9A1E7A4F7556}") = "Teste.Domain", "Teste.Domain\Teste.Domain.csproj", "{316B9D63-BECB-4EDB-88E2-43CD897F4536}"
EndProject
Project("{FAE04EC0-301F-11D3-BF4B-00C04F79EFBC}") = "Teste.Api", "Teste.Api\Teste.Api.csproj", "{68FBB393-3BB9-4831-867B-414FC678E8CB}"
EndProject
Global
	GlobalSection(SolutionConfigurationPlatforms) = preSolution
		Debug|Any CPU = Debug|Any CPU
		Release|Any CPU = Release|Any CPU
	EndGlobalSection
	GlobalSection(ProjectConfigurationPlatforms) = postSolution
		{283964DB-5CB0-4C74-AE9A-ECBD4605D360}.Debug|Any CPU.ActiveCfg = Debug|Any CPU
		{283964DB-5CB0-4C74-AE9A-ECBD4605D360}.Debug|Any CPU.Build.0 = Debug|Any CPU
		{283964DB-5CB0-4C74-AE9A-ECBD4605D360}.Release|Any CPU.ActiveCfg = Release|Any CPU
		{283964DB-5CB0-4C74-AE9A-ECBD4605D360}.Release|Any CPU.Build.0 = Release|Any CPU
		{8613DABB-57F0-451C-A987-26276DE0EC5C}.Debug|Any CPU.ActiveCfg = Debug|Any CPU
		{8613DABB-57F0-451C-A987-26276DE0EC5C}.Debug|Any CPU.Build.0 = Debug|Any CPU
		{8613DABB-57F0-451C-A987-26276DE0EC5C}.Release|Any CPU.ActiveCfg = Release|Any CPU
		{8613DABB-57F0-451C-A987-26276DE0EC5C}.Release|Any CPU.Build.0 = Release|Any CPU
		{316B9D63-BECB-4EDB-88E2-43CD897F4536}.Debug|Any CPU.ActiveCfg = Debug|Any CPU
		{316B9D63-BECB-4EDB-88E2-43CD897F4536}.Debug|Any CPU.Build.0 = Debug|Any CPU
		{316B9D63-BECB-4EDB-88E2-43CD897F4536}.Release|Any CPU.ActiveCfg = Release|Any CPU
		{316B9D63-BECB-4EDB-88E2-43CD897F4536}.Release|Any CPU.Build.0 = Release|Any CPU
		{68FBB393-3BB9-4831-867B-414FC678E8CB}.Debug|Any CPU.ActiveCfg = Debug|Any CPU
		{68FBB393-3BB9-4831-867B-414FC678E8CB}.Debug|Any CPU.Build.0 = Debug|Any CPU
		{68FBB393-3BB9-4831-867B-414FC678E8CB}.Release|Any CPU.ActiveCfg = Release|Any CPU
		{68FBB393-3BB9-4831-867B-414FC678E8CB}.Release|Any CPU.Build.0 = Release|Any CPU
	EndGlobalSection
	GlobalSection(SolutionProperties) = preSolution
		HideSolutionNode = FALSE
	EndGlobalSection
	GlobalSection(ExtensibilityGlobals) = postSolution
		SolutionGuid = {19387D9D-082F-46E9-A2DA-24A5E6A5AFE3}
	EndGlobalSection
EndGlobal
